
Microsoft Visual Studio Solution File, Format Version 12.00
# Visual Studio Version 16
VisualStudioVersion = 16.0.31624.102
MinimumVisualStudioVersion = 10.0.40219.1
Project("{9A19103F-16F7-4668-BE54-9A1E7A4F7556}") = "Febris.PCScreenRecorderV3", "Febris.PCScreenRecorderV3.csproj", "{C1E704A6-0C91-4154-908A-E284B23458F3}"
EndProject
Global
	GlobalSection(SolutionConfigurationPlatforms) = preSolution
		Debug|Any CPU = Debug|Any CPU
		NotStaging|Any CPU = NotStaging|Any CPU
		Release|Any CPU = Release|Any CPU
		Staging|Any CPU = Staging|Any CPU
	EndGlobalSection
	GlobalSection(ProjectConfigurationPlatforms) = postSolution
		{C1E704A6-0C91-4154-908A-E284B23458F3}.Debug|Any CPU.ActiveCfg = Debug|Any CPU
		{C1E704A6-0C91-4154-908A-E284B23458F3}.Debug|Any CPU.Build.0 = Debug|Any CPU
		{C1E704A6-0C91-4154-908A-E284B23458F3}.NotStaging|Any CPU.ActiveCfg = Debug|Any CPU
		{C1E704A6-0C91-4154-908A-E284B23458F3}.NotStaging|Any CPU.Build.0 = Debug|Any CPU
		{C1E704A6-0C91-4154-908A-E284B23458F3}.Release|Any CPU.ActiveCfg = Release|Any CPU
		{C1E704A6-0C91-4154-908A-E284B23458F3}.Release|Any CPU.Build.0 = Release|Any CPU
		{C1E704A6-0C91-4154-908A-E284B23458F3}.Staging|Any CPU.ActiveCfg = Debug|Any CPU
		{C1E704A6-0C91-4154-908A-E284B23458F3}.Staging|Any CPU.Build.0 = Debug|Any CPU
	EndGlobalSection
	GlobalSection(SolutionProperties) = preSolution
		HideSolutionNode = FALSE
	EndGlobalSection
	GlobalSection(ExtensibilityGlobals) = postSolution
		SolutionGuid = {3A757F1B-31CA-46DB-BD41-8210AE4405E6}
		VisualSVNWorkingCopyRoot = .
	EndGlobalSection
EndGlobal
